github.com/apuigsech/rest-layer-sql v0.0.0-20200105084615-c5dcc6957f19/go.mod h1:z6lFEFH7jTwZrtXng4Pjh520U885nJTrB2EVtGkQlAg=
github.com/apuigsech/rest-layer-sql v0.0.0-20200217220619-cf9c157299cc h1:H/PmkA0C2K8jpH5bF6+vPWFawmc1hHf5DCTv0DqxJ7g=
github.com/apuigsech/rest-layer-sql v0.0.0-20200217220619-cf9c157299cc/go.mod h1:UOLeJRr4pnXOzv3e3RD+7kN/Jn+1/DkU1xvtuOI6a3Y=
github.com/apuigsech/rest-layer-ttl v0.0.0-20200201040824-cd9d8b5a6fbc h1:suzuY5MzsVl2UhXh8UxJwrphpodR56bDLxButJKleLU=
github.com/apuigsech/rest-layer-ttl v0.0.0-20200201040824-cd9d8b5a6fbc/go.mod h1:HdiEr37KGi2zAhfmehBpTceVAmgzuRnUWRB4+XTIMfk=
github.com/circuit-platform/models-utils v0.0.0-20200722181532-aa779bad663b/go.mod h1:roQhPnk42ukI70ncA690xiCqpLNxfJ+a8qX0e7AL0CA=
github.com/circuit-platform/models-utils v0.0.0-20200727024802-81ffd2fd2fb5 h1:p367PEQcvnSaaMQljwdVhato6cWJlbYZD/gIZD8hOkk=
github.com/circuit-platform/models-utils v0.0.0-20200727024802-81ffd2fd2fb5/go.mod h1:roQhPnk42ukI70ncA690xiCqpLNxfJ+a8qX0e7AL0CA=
github.com/circuit-platform/namespaces v0.0.0-20200722182302-443e16c2d941 h1:mNprjUd4qK5DyKfIO91Wei6oZ3YeXVgwlFB8lPSAKM8=
github.com/circuit-platform/namespaces v0.0.0-20200722182302-443e16c2d941/go.mod h1:zwynKtNhWgtZr7lr22nYqzuXUiajC/0AB5ow0hukFbY=
github.com/davecgh/go-spew v1.1.1/go.mod h1:J7Y8YcW2NihsgmVo/mv3lAwl/skON4iLHjSsI+c5H38=
github.com/eapache/go-xerial-snappy v0.0.0-20180814174437-776d5712da21/go.mod h1:+020luEh2TKB4/GOp8oxxtq0Daoen/Cii55CzbTV6DU=
github.com/evanphx/json-patch v4.1.0+incompatible h1:K1MDoo4AZ4wU0GIU/fPmtZg7VpzLjCxu+UwBD1FvwOc=
github.com/evanphx/json-patch v4.1.0+incompatible/go.mod h1:50XU6AFN0ol/bzJsmQLiYLvXMP4fmwYFNcr97nuDLSk=
github.com/golang/snappy v0.0.1/go.mod h1:/XxbfmMg8lxefKM7IXC3fBNl/7bRcc72aCRzEWrmP2Q=
github.com/graphql-go/graphql v0.7.6/go.mod h1:k6yrAYQaSP59DC5UVxbgxESlmVyojThKdORUqGDGmrI=
github.com/jessevdk/go-flags v1.4.0 h1:4IU2WS7AumrZ/40jfhf4QVDMsQwqA7VEHozFRrGARJA=
github.com/jessevdk/go-flags v1.4.0/go.mod h1:4FA24M0QyGHXBuZZK/XkWh8h0e1EYbRYJSGM75WSRxI=
github.com/klauspost/compress v1.9.8/go.mod h1:RyIbtBH6LamlWaDj8nUwkbUhJ87Yi3uG0guNDohfE1A=
github.com/kr/pretty v0.1.0/go.mod h1:dAy3ld7l9f0ibDNOQOHHMYYIIbhfbHSm3C4ZsoJORNo=
github.com/kr/pty v1.1.1/go.mod h1:pFQYn66WHrOpPYNljwOMqo10TkYh1fy3cYio2l3bCsQ=
github.com/kr/text v0.1.0/go.mod h1:4Jbv+DJW3UT/LiOwJeYQe1efqtUx/iVham/4vfdArNI=
github.com/lib/pq v1.3.0 h1:/qkRGz8zljWiDcFvgpwUpwIAPu3r07TDvs3Rws+o/pU=
github.com/lib/pq v1.3.0/go.mod h1:5WUZQaWbwv1U+lTReE5YruASi9Al49XbQIvNi/34Woo=
github.com/mattn/go-sqlite3 v2.0.2+incompatible/go.mod h1:FPy6KqzDD04eiIsT53CuJW3U88zkxoIYsOqkbpncsNc=
github.com/pierrec/lz4 v2.0.5+incompatible/go.mod h1:pdkljMzZIN41W+lC3N2tnIh5sFi+IEE17M5jbnwPHcY=
github.com/pmezard/go-difflib v1.0.0/go.mod h1:iKH77koFhYxTK1pcRnkKkqfTogsbg7gZNVY4sRDYZ/4=
github.com/rs/cors v1.6.0/go.mod h1:gFx+x8UowdsKA9AchylcLynDq+nNFfI8FkUZdN/jGCU=
github.com/rs/rest-layer v0.2.0 h1:EdsO+nIt2uxZqF5BiwaXdw4gCqbofPFSTPv1293G48Q=
github.com/rs/rest-layer v0.2.0/go.mod h1:9kR8qjXpkpdgdYawhaKHnx1dscx3frCIGH4PjKqelsI=
github.com/rs/rest-layer-mongo v0.1.0 h1:S1cPtEEZYXYgeNWliaONZuPNKpc74NVJ6EBfoh+vZB0=
github.com/rs/rest-layer-mongo v0.1.0/go.mod h1:FyJrYP0RGhIi+4tjXw/munGQLuF390/KZB7FS48nkfI=
github.com/rs/xid v1.2.1 h1:mhH9Nq+C1fY2l1XIpgxIiUOfNpRBYH1kKcr+qfKgjRc=
github.com/rs/xid v1.2.1/go.mod h1:+uKXf+4Djp6Md1KODXJxgGQPKngRmWyn10oCKFzNHOQ=
github.com/segmentio/kafka-go v0.3.7 h1:UCFPJw6KoVkmrilA2LbWVuybJojHzj6gDDFdV7H7IBs=
github.com/segmentio/kafka-go v0.3.7/go.mod h1:8rEphJEczp+yDE/R5vwmaqZgF1wllrl4ioQcNKB8wVA=
github.com/stretchr/testify v1.2.2/go.mod h1:a8OnRcib4nhh0OaRAV+Yts87kKdq0PP7pXfy6kDkUVs=
github.com/xdg/scram v0.0.0-20180814205039-7eeb5667e42c/go.mod h1:lB8K/P019DLNhemzwFU4jHLhdvlE6uDZjXFejJXr49I=
github.com/xdg/stringprep v1.0.0/go.mod h1:Jhud4/sHMO4oL310DaZAKk9ZaJ08SJfe+sJh0HrGL1Y=
golang.org/x/crypto v0.0.0-20181127143415-eb0de9b17e85/go.mod h1:6SG95UA2DQfeDnfUPMdvaQW0Q7yPrPDi9nlGo2tz2b4=
golang.org/x/crypto v0.0.0-20190308221718-c2843e01d9a2/go.mod h1:djNgcEr1/C05ACkg1iLfiJU5Ep61QUkGW8qpdssI0+w=
golang.org/x/crypto v0.0.0-20190506204251-e1dfcc566284 h1:rlLehGeYg6jfoyz/eDqDU1iRXLKfR42nnNh57ytKEWo=
golang.org/x/crypto v0.0.0-20190506204251-e1dfcc566284/go.mod h1:yigFU9vqHzYiE8UmvKecakEJjdnWj3jj499lnFckfCI=
golang.org/x/net v0.0.0-20190404232315-eb5bcb51f2a3/go.mod h1:t9HGtf8HONx5eT2rtn7q6eTqICYqUVnKs3thJo3Qplg=
golang.org/x/sys v0.0.0-20190215142949-d0b11bdaac8a/go.mod h1:STP8DvDyc/dI5b8T5hshtkjS+E42TnysNCUPdjciGhY=
golang.org/x/sys v0.0.0-20190412213103-97732733099d/go.mod h1:h1NjWce9XRLGQEsW7wpKNCjG9DtNlClVuFLEZdDNbEs=
golang.org/x/text v0.3.0/go.mod h1:NqM8EUOU14njkJ3fqMW+pc6Ldnwhi/IjpwHt7yyuwOQ=
gopkg.in/check.v1 v0.0.0-20161208181325-20d25e280405/go.mod h1:Co6ibVJAznAaIkqp8huTwlJQCZ016jof/cbN4VW5Yz0=
gopkg.in/check.v1 v1.0.0-20180628173108-788fd7840127/go.mod h1:Co6ibVJAznAaIkqp8huTwlJQCZ016jof/cbN4VW5Yz0=
gopkg.in/mgo.v2 v2.0.0-20160818020120-3f83fa500528/go.mod h1:yeKp02qBN3iKW1OzL3MGk2IdtZzaj7SFntXj72NppTA=
gopkg.in/mgo.v2 v2.0.0-20190816093944-a6b53ec6cb22 h1:VpOs+IwYnYBaFnrNAeB8UUWtL3vEUnzSCL1nVjPhqrw=
gopkg.in/mgo.v2 v2.0.0-20190816093944-a6b53ec6cb22/go.mod h1:yeKp02qBN3iKW1OzL3MGk2IdtZzaj7SFntXj72NppTA=
gopkg.in/yaml.v2 v2.2.2/go.mod h1:hI93XBmqTisBFMUTm0b8Fm+jr3Dg1NNxqwp+5A1VGuI=
